
Microsoft Visual Studio Solution File, Format Version 12.00
# Visual Studio Version 17
VisualStudioVersion = 17.14.36915.13 d17.14
MinimumVisualStudioVersion = 10.0.40219.1
Project("{FAE04EC0-301F-11D3-BF4B-00C04F79EFBC}") = "MarsRover.Terminal", "MarsRover.Console\MarsRover.Terminal.csproj", "{9BF3530C-02A7-4238-A640-7550AE9777B7}"
EndProject
Project("{FAE04EC0-301F-11D3-BF4B-00C04F79EFBC}") = "MarsRover.Test", "MarsRover.Test\MarsRover.Test.csproj", "{36173BCD-5116-421D-8EF6-26946614A6B0}"
EndProject
Global
	GlobalSection(SolutionConfigurationPlatforms) = preSolution
		Debug|Any CPU = Debug|Any CPU
		Release|Any CPU = Release|Any CPU
	EndGlobalSection
	GlobalSection(ProjectConfigurationPlatforms) = postSolution
		{9BF3530C-02A7-4238-A640-7550AE9777B7}.Debug|Any CPU.ActiveCfg = Debug|Any CPU
		{9BF3530C-02A7-4238-A640-7550AE9777B7}.Debug|Any CPU.Build.0 = Debug|Any CPU
		{9BF3530C-02A7-4238-A640-7550AE9777B7}.Release|Any CPU.ActiveCfg = Release|Any CPU
		{9BF3530C-02A7-4238-A640-7550AE9777B7}.Release|Any CPU.Build.0 = Release|Any CPU
		{36173BCD-5116-421D-8EF6-26946614A6B0}.Debug|Any CPU.ActiveCfg = Debug|Any CPU
		{36173BCD-5116-421D-8EF6-26946614A6B0}.Debug|Any CPU.Build.0 = Debug|Any CPU
		{36173BCD-5116-421D-8EF6-26946614A6B0}.Release|Any CPU.ActiveCfg = Release|Any CPU
		{36173BCD-5116-421D-8EF6-26946614A6B0}.Release|Any CPU.Build.0 = Release|Any CPU
	EndGlobalSection
	GlobalSection(SolutionProperties) = preSolution
		HideSolutionNode = FALSE
	EndGlobalSection
	GlobalSection(ExtensibilityGlobals) = postSolution
		SolutionGuid = {B4FD217B-8D93-43B7-ADB6-A9D0BF979916}
	EndGlobalSection
EndGlobal
